
Microsoft Visual Studio Solution File, Format Version 12.00
# Visual Studio Version 16
VisualStudioVersion = 16.0.31515.178
MinimumVisualStudioVersion = 10.0.40219.1
Project("{FAE04EC0-301F-11D3-BF4B-00C04F79EFBC}") = "WindowsFormsApp1", "WindowsFormsApp1.csproj", "{A82216CC-0F21-4A6F-A9F5-88F2CC4C08CF}"
EndProject
Global
	GlobalSection(SolutionConfigurationPlatforms) = preSolution
		Debug|Any CPU = Debug|Any CPU
		Release|Any CPU = Release|Any CPU
	EndGlobalSection
	GlobalSection(ProjectConfigurationPlatforms) = postSolution
		{A82216CC-0F21-4A6F-A9F5-88F2CC4C08CF}.Debug|Any CPU.ActiveCfg = Debug|Any CPU
		{A82216CC-0F21-4A6F-A9F5-88F2CC4C08CF}.Debug|Any CPU.Build.0 = Debug|Any CPU
		{A82216CC-0F21-4A6F-A9F5-88F2CC4C08CF}.Release|Any CPU.ActiveCfg = Release|Any CPU
		{A82216CC-0F21-4A6F-A9F5-88F2CC4C08CF}.Release|Any CPU.Build.0 = Release|Any CPU
	EndGlobalSection
	GlobalSection(SolutionProperties) = preSolution
		HideSolutionNode = FALSE
	EndGlobalSection
	GlobalSection(ExtensibilityGlobals) = postSolution
		SolutionGuid = {E296E245-6FB2-4636-BC41-E6FA6561C0D1}
	EndGlobalSection
EndGlobal
